// !$*UTF8*$!
{
	archiveVersion = 1;
	classes = {
	};
	objectVersion = 46;
	objects = {

/* Begin PBXBuildFile section */
		14CEDB041BCB3B3F00F34400 /* AppDelegate.swift in Sources */ = {isa = PBXBuildFile; fileRef = 14CEDB031BCB3B3F00F34400 /* AppDelegate.swift */; };
		14CEDB061BCB3B3F00F34400 /* ViewController.swift in Sources */ = {isa = PBXBuildFile; fileRef = 14CEDB051BCB3B3F00F34400 /* ViewController.swift */; };
		14CEDB091BCB3B3F00F34400 /* Main.storyboard in Resources */ = {isa = PBXBuildFile; fileRef = 14CEDB071BCB3B3F00F34400 /* Main.storyboard */; };
		14CEDB0B1BCB3B3F00F34400 /* Images.xcassets in Resources */ = {isa = PBXBuildFile; fileRef = 14CEDB0A1BCB3B3F00F34400 /* Images.xcassets */; };
		14CEDB0E1BCB3B3F00F34400 /* LaunchScreen.xib in Resources */ = {isa = PBXBuildFile; fileRef = 14CEDB0C1BCB3B3F00F34400 /* LaunchScreen.xib */; };
		14CEDB1A1BCB3B3F00F34400 /* zackcalTests.swift in Sources */ = {isa = PBXBuildFile; fileRef = 14CEDB191BCB3B3F00F34400 /* zackcalTests.swift */; };
		14E243391BD88321004DA920 /* EditViewController.swift in Sources */ = {isa = PBXBuildFile; fileRef = 14E243381BD88321004DA920 /* EditViewController.swift */; };
		14E2433B1BD8832D004DA920 /* AddViewController.swift in Sources */ = {isa = PBXBuildFile; fileRef = 14E2433A1BD8832D004DA920 /* AddViewController.swift */; };
		14E2433F1BD88896004DA920 /* CalenarEvent.swift in Sources */ = {isa = PBXBuildFile; fileRef = 14E2433E1BD88895004DA920 /* CalenarEvent.swift */; };
		14E243411BD88E49004DA920 /* EventTableViewCell.swift in Sources */ = {isa = PBXBuildFile; fileRef = 14E243401BD88E49004DA920 /* EventTableViewCell.swift */; };
		14E243431BD93408004DA920 /* EventTableViewController.swift in Sources */ = {isa = PBXBuildFile; fileRef = 14E243421BD93408004DA920 /* EventTableViewController.swift */; };
		14E243451BD9707A004DA920 /* EventEditTableViewCell.swift in Sources */ = {isa = PBXBuildFile; fileRef = 14E243441BD9707A004DA920 /* EventEditTableViewCell.swift */; };
/* End PBXBuildFile section */

/* Begin PBXContainerItemProxy section */
		14CEDB141BCB3B3F00F34400 /* PBXContainerItemProxy */ = {
			isa = PBXContainerItemProxy;
			containerPortal = 14CEDAF61BCB3B3F00F34400 /* Project object */;
			proxyType = 1;
			remoteGlobalIDString = 14CEDAFD1BCB3B3F00F34400;
			remoteInfo = zackcal;
		};
/* End PBXContainerItemProxy section */

/* Begin PBXFileReference section */
		14CEDAFE1BCB3B3F00F34400 /* zackcal.app */ = {isa = PBXFileReference; explicitFileType = wrapper.application; includeInIndex = 0; path = zackcal.app; sourceTree = BUILT_PRODUCTS_DIR; };
		14CEDB021BCB3B3F00F34400 /* Info.plist */ = {isa = PBXFileReference; lastKnownFileType = text.plist.xml; path = Info.plist; sourceTree = "<group>"; };
		14CEDB031BCB3B3F00F34400 /* AppDelegate.swift */ = {isa = PBXFileReference; lastKnownFileType = sourcecode.swift; path = AppDelegate.swift; sourceTree = "<group>"; };
		14CEDB051BCB3B3F00F34400 /* ViewController.swift */ = {isa = PBXFileReference; lastKnownFileType = sourcecode.swift; path = ViewController.swift; sourceTree = "<group>"; };
		14CEDB081BCB3B3F00F34400 /* Base */ = {isa = PBXFileReference; lastKnownFileType = file.storyboard; name = Base; path = Base.lproj/Main.storyboard; sourceTree = "<group>"; };
		14CEDB0A1BCB3B3F00F34400 /* Images.xcassets */ = {isa = PBXFileReference; lastKnownFileType = folder.assetcatalog; path = Images.xcassets; sourceTree = "<group>"; };
		14CEDB0D1BCB3B3F00F34400 /* Base */ = {isa = PBXFileReference; lastKnownFileType = file.xib; name = Base; path = Base.lproj/LaunchScreen.xib; sourceTree = "<group>"; };
		14CEDB131BCB3B3F00F34400 /* zackcalTests.xctest */ = {isa = PBXFileReference; explicitFileType = wrapper.cfbundle; includeInIndex = 0; path = zackcalTests.xctest; sourceTree = BUILT_PRODUCTS_DIR; };
		14CEDB181BCB3B3F00F34400 /* Info.plist */ = {isa = PBXFileReference; lastKnownFileType = text.plist.xml; path = Info.plist; sourceTree = "<group>"; };
		14CEDB191BCB3B3F00F34400 /* zackcalTests.swift */ = {isa = PBXFileReference; lastKnownFileType = sourcecode.swift; path = zackcalTests.swift; sourceTree = "<group>"; };
		14E243381BD88321004DA920 /* EditViewController.swift */ = {isa = PBXFileReference; fileEncoding = 4; lastKnownFileType = sourcecode.swift; path = EditViewController.swift; sourceTree = "<group>"; };
		14E2433A1BD8832D004DA920 /* AddViewController.swift */ = {isa = PBXFileReference; fileEncoding = 4; lastKnownFileType = sourcecode.swift; path = AddViewController.swift; sourceTree = "<group>"; };
		14E2433E1BD88895004DA920 /* CalenarEvent.swift */ = {isa = PBXFileReference; fileEncoding = 4; lastKnownFileType = sourcecode.swift; path = CalenarEvent.swift; sourceTree = "<group>"; };
		14E243401BD88E49004DA920 /* EventTableViewCell.swift */ = {isa = PBXFileReference; fileEncoding = 4; lastKnownFileType = sourcecode.swift; path = EventTableViewCell.swift; sourceTree = "<group>"; };
		14E243421BD93408004DA920 /* EventTableViewController.swift */ = {isa = PBXFileReference; fileEncoding = 4; lastKnownFileType = sourcecode.swift; path = EventTableViewController.swift; sourceTree = "<group>"; };
		14E243441BD9707A004DA920 /* EventEditTableViewCell.swift */ = {isa = PBXFileReference; fileEncoding = 4; lastKnownFileType = sourcecode.swift; path = EventEditTableViewCell.swift; sourceTree = "<group>"; };
/* End PBXFileReference section */

/* Begin PBXFrameworksBuildPhase section */
		14CEDAFB1BCB3B3F00F34400 /* Frameworks */ = {
			isa = PBXFrameworksBuildPhase;
			buildActionMask = 2147483647;
			files = (
			);
			runOnlyForDeploymentPostprocessing = 0;
		};
		14CEDB101BCB3B3F00F34400 /* Frameworks */ = {
			isa = PBXFrameworksBuildPhase;
			buildActionMask = 2147483647;
			files = (
			);
			runOnlyForDeploymentPostprocessing = 0;
		};
/* End PBXFrameworksBuildPhase section */

/* Begin PBXGroup section */
		14CEDAF51BCB3B3F00F34400 = {
			isa = PBXGroup;
			children = (
				14CEDB001BCB3B3F00F34400 /* zackcal */,
				14CEDB161BCB3B3F00F34400 /* zackcalTests */,
				14CEDAFF1BCB3B3F00F34400 /* Products */,
			);
			sourceTree = "<group>";
		};
		14CEDAFF1BCB3B3F00F34400 /* Products */ = {
			isa = PBXGroup;
			children = (
				14CEDAFE1BCB3B3F00F34400 /* zackcal.app */,
				14CEDB131BCB3B3F00F34400 /* zackcalTests.xctest */,
			);
			name = Products;
			sourceTree = "<group>";
		};
		14CEDB001BCB3B3F00F34400 /* zackcal */ = {
			isa = PBXGroup;
			children = (
				14CEDB031BCB3B3F00F34400 /* AppDelegate.swift */,
				14CEDB051BCB3B3F00F34400 /* ViewController.swift */,
				14E2433A1BD8832D004DA920 /* AddViewController.swift */,
				14E2433E1BD88895004DA920 /* CalenarEvent.swift */,
				14E243401BD88E49004DA920 /* EventTableViewCell.swift */,
				14E243441BD9707A004DA920 /* EventEditTableViewCell.swift */,
				14E243421BD93408004DA920 /* EventTableViewController.swift */,
				14E243381BD88321004DA920 /* EditViewController.swift */,
				14CEDB071BCB3B3F00F34400 /* Main.storyboard */,
				14CEDB0A1BCB3B3F00F34400 /* Images.xcassets */,
				14CEDB0C1BCB3B3F00F34400 /* LaunchScreen.xib */,
				14CEDB011BCB3B3F00F34400 /* Supporting Files */,
			);
			path = zackcal;
			sourceTree = "<group>";
		};
		14CEDB011BCB3B3F00F34400 /* Supporting Files */ = {
			isa = PBXGroup;
			children = (
				14CEDB021BCB3B3F00F34400 /* Info.plist */,
			);
			name = "Supporting Files";
			sourceTree = "<group>";
		};
		14CEDB161BCB3B3F00F34400 /* zackcalTests */ = {
			isa = PBXGroup;
			children = (
				14CEDB191BCB3B3F00F34400 /* zackcalTests.swift */,
				14CEDB171BCB3B3F00F34400 /* Supporting Files */,
			);
			path = zackcalTests;
			sourceTree = "<group>";
		};
		14CEDB171BCB3B3F00F34400 /* Supporting Files */ = {
			isa = PBXGroup;
			children = (
				14CEDB181BCB3B3F00F34400 /* Info.plist */,
			);
			name = "Supporting Files";
			sourceTree = "<group>";
		};
/* End PBXGroup section */

/* Begin PBXNativeTarget section */
		14CEDAFD1BCB3B3F00F34400 /* zackcal */ = {
			isa = PBXNativeTarget;
			buildConfigurationList = 14CEDB1D1BCB3B3F00F34400 /* Build configuration list for PBXNativeTarget "zackcal" */;
			buildPhases = (
				14CEDAFA1BCB3B3F00F34400 /* Sources */,
				14CEDAFB1BCB3B3F00F34400 /* Frameworks */,
				14CEDAFC1BCB3B3F00F34400 /* Resources */,
			);
			buildRules = (
			);
			dependencies = (
			);
			name = zackcal;
			productName = zackcal;
			productReference = 14CEDAFE1BCB3B3F00F34400 /* zackcal.app */;
			productType = "com.apple.product-type.application";
		};
		14CEDB121BCB3B3F00F34400 /* zackcalTests */ = {
			isa = PBXNativeTarget;
			buildConfigurationList = 14CEDB201BCB3B3F00F34400 /* Build configuration list for PBXNativeTarget "zackcalTests" */;
			buildPhases = (
				14CEDB0F1BCB3B3F00F34400 /* Sources */,
				14CEDB101BCB3B3F00F34400 /* Frameworks */,
				14CEDB111BCB3B3F00F34400 /* Resources */,
			);
			buildRules = (
			);
			dependencies = (
				14CEDB151BCB3B3F00F34400 /* PBXTargetDependency */,
			);
			name = zackcalTests;
			productName = zackcalTests;
			productReference = 14CEDB131BCB3B3F00F34400 /* zackcalTests.xctest */;
			productType = "com.apple.product-type.bundle.unit-test";
		};
/* End PBXNativeTarget section */

/* Begin PBXProject section */
		14CEDAF61BCB3B3F00F34400 /* Project object */ = {
			isa = PBXProject;
			attributes = {
				LastUpgradeCheck = 0640;
				ORGANIZATIONNAME = "Zackary Moore";
				TargetAttributes = {
					14CEDAFD1BCB3B3F00F34400 = {
						CreatedOnToolsVersion = 6.4;
					};
					14CEDB121BCB3B3F00F34400 = {
						CreatedOnToolsVersion = 6.4;
						TestTargetID = 14CEDAFD1BCB3B3F00F34400;
					};
				};
			};
			buildConfigurationList = 14CEDAF91BCB3B3F00F34400 /* Build configuration list for PBXProject "zackcal" */;
			compatibilityVersion = "Xcode 3.2";
			developmentRegion = English;
			hasScannedForEncodings = 0;
			knownRegions = (
				en,
				Base,
			);
			mainGroup = 14CEDAF51BCB3B3F00F34400;
			productRefGroup = 14CEDAFF1BCB3B3F00F34400 /* Products */;
			projectDirPath = "";
			projectRoot = "";
			targets = (
				14CEDAFD1BCB3B3F00F34400 /* zackcal */,
				14CEDB121BCB3B3F00F34400 /* zackcalTests */,
			);
		};
/* End PBXProject section */

/* Begin PBXResourcesBuildPhase section */
		14CEDAFC1BCB3B3F00F34400 /* Resources */ = {
			isa = PBXResourcesBuildPhase;
			buildActionMask = 2147483647;
			files = (
				14CEDB091BCB3B3F00F34400 /* Main.storyboard in Resources */,
				14CEDB0E1BCB3B3F00F34400 /* LaunchScreen.xib in Resources */,
				14CEDB0B1BCB3B3F00F34400 /* Images.xcassets in Resources */,
			);
			runOnlyForDeploymentPostprocessing = 0;
		};
		14CEDB111BCB3B3F00F34400 /* Resources */ = {
			isa = PBXResourcesBuildPhase;
			buildActionMask = 2147483647;
			files = (
			);
			runOnlyForDeploymentPostprocessing = 0;
		};
/* End PBXResourcesBuildPhase section */

/* Begin PBXSourcesBuildPhase section */
		14CEDAFA1BCB3B3F00F34400 /* Sources */ = {
			isa = PBXSourcesBuildPhase;
			buildActionMask = 2147483647;
			files = (
				14E2433B1BD8832D004DA920 /* AddViewController.swift in Sources */,
				14E2433F1BD88896004DA920 /* CalenarEvent.swift in Sources */,
				14E243451BD9707A004DA920 /* EventEditTableViewCell.swift in Sources */,
				14E243431BD93408004DA920 /* EventTableViewController.swift in Sources */,
				14E243391BD88321004DA920 /* EditViewController.swift in Sources */,
				14CEDB061BCB3B3F00F34400 /* ViewController.swift in Sources */,
				14E243411BD88E49004DA920 /* EventTableViewCell.swift in Sources */,
				14CEDB041BCB3B3F00F34400 /* AppDelegate.swift in Sources */,
			);
			runOnlyForDeploymentPostprocessing = 0;
		};
		14CEDB0F1BCB3B3F00F34400 /* Sources */ = {
			isa = PBXSourcesBuildPhase;
			buildActionMask = 2147483647;
			files = (
				14CEDB1A1BCB3B3F00F34400 /* zackcalTests.swift in Sources */,
			);
			runOnlyForDeploymentPostprocessing = 0;
		};
/* End PBXSourcesBuildPhase section */

/* Begin PBXTargetDependency section */
		14CEDB151BCB3B3F00F34400 /* PBXTargetDependency */ = {
			isa = PBXTargetDependency;
			target = 14CEDAFD1BCB3B3F00F34400 /* zackcal */;
			targetProxy = 14CEDB141BCB3B3F00F34400 /* PBXContainerItemProxy */;
		};
/* End PBXTargetDependency section */

/* Begin PBXVariantGroup section */
		14CEDB071BCB3B3F00F34400 /* Main.storyboard */ = {
			isa = PBXVariantGroup;
			children = (
				14CEDB081BCB3B3F00F34400 /* Base */,
			);
			name = Main.storyboard;
			sourceTree = "<group>";
		};
		14CEDB0C1BCB3B3F00F34400 /* LaunchScreen.xib */ = {
			isa = PBXVariantGroup;
			children = (
				14CEDB0D1BCB3B3F00F34400 /* Base */,
			);
			name = LaunchScreen.xib;
			sourceTree = "<group>";
		};
/* End PBXVariantGroup section */

/* Begin XCBuildConfiguration section */
		14CEDB1B1BCB3B3F00F34400 /* Debug */ = {
			isa = XCBuildConfiguration;
			buildSettings = {
				ALWAYS_SEARCH_USER_PATHS = NO;
				CLANG_CXX_LANGUAGE_STANDARD = "gnu++0x";
				CLANG_CXX_LIBRARY = "libc++";
				CLANG_ENABLE_MODULES = YES;
				CLANG_ENABLE_OBJC_ARC = YES;
				CLANG_WARN_BOOL_CONVERSION = YES;
				CLANG_WARN_CONSTANT_CONVERSION = YES;
				CLANG_WARN_DIRECT_OBJC_ISA_USAGE = YES_ERROR;
				CLANG_WARN_EMPTY_BODY = YES;
				CLANG_WARN_ENUM_CONVERSION = YES;
				CLANG_WARN_INT_CONVERSION = YES;
				CLANG_WARN_OBJC_ROOT_CLASS = YES_ERROR;
				CLANG_WARN_UNREACHABLE_CODE = YES;
				CLANG_WARN__DUPLICATE_METHOD_MATCH = YES;
				"CODE_SIGN_IDENTITY[sdk=iphoneos*]" = "iPhone Developer";
				COPY_PHASE_STRIP = NO;
				DEBUG_INFORMATION_FORMAT = "dwarf-with-dsym";
				ENABLE_STRICT_OBJC_MSGSEND = YES;
				GCC_C_LANGUAGE_STANDARD = gnu99;
				GCC_DYNAMIC_NO_PIC = NO;
				GCC_NO_COMMON_BLOCKS = YES;
				GCC_OPTIMIZATION_LEVEL = 0;
				GCC_PREPROCESSOR_DEFINITIONS = (
					"DEBUG=1",
					"$(inherited)",
				);
				GCC_SYMBOLS_PRIVATE_EXTERN = NO;
				GCC_WARN_64_TO_32_BIT_CONVERSION = YES;
				GCC_WARN_ABOUT_RETURN_TYPE = YES_ERROR;
				GCC_WARN_UNDECLARED_SELECTOR = YES;
				GCC_WARN_UNINITIALIZED_AUTOS = YES_AGGRESSIVE;
				GCC_WARN_UNUSED_FUNCTION = YES;
				GCC_WARN_UNUSED_VARIABLE = YES;
				IPHONEOS_DEPLOYMENT_TARGET = 8.4;
				MTL_ENABLE_DEBUG_INFO = YES;
				ONLY_ACTIVE_ARCH = YES;
				SDKROOT = iphoneos;
				SWIFT_OPTIMIZATION_LEVEL = "-Onone";
			};
			name = Debug;
		};
		14CEDB1C1BCB3B3F00F34400 /* Release */ = {
			isa = XCBuildConfiguration;
			buildSettings = {
				ALWAYS_SEARCH_USER_PATHS = NO;
				CLANG_CXX_LANGUAGE_STANDARD = "gnu++0x";
				CLANG_CXX_LIBRARY = "libc++";
				CLANG_ENABLE_MODULES = YES;
				CLANG_ENABLE_OBJC_ARC = YES;
				CLANG_WARN_BOOL_CONVERSION = YES;
				CLANG_WARN_CONSTANT_CONVERSION = YES;
				CLANG_WARN_DIRECT_OBJC_ISA_USAGE = YES_ERROR;
				CLANG_WARN_EMPTY_BODY = YES;
				CLANG_WARN_ENUM_CONVERSION = YES;
				CLANG_WARN_INT_CONVERSION = YES;
				CLANG_WARN_OBJC_ROOT_CLASS = YES_ERROR;
				CLANG_WARN_UNREACHABLE_CODE = YES;
				CLANG_WARN__DUPLICATE_METHOD_MATCH = YES;
				"CODE_SIGN_IDENTITY[sdk=iphoneos*]" = "iPhone Developer";
				COPY_PHASE_STRIP = NO;
				DEBUG_INFORMATION_FORMAT = "dwarf-with-dsym";
				ENABLE_NS_ASSERTIONS = NO;
				ENABLE_STRICT_OBJC_MSGSEND = YES;
				GCC_C_LANGUAGE_STANDARD = gnu99;
				GCC_NO_COMMON_BLOCKS = YES;
				GCC_WARN_64_TO_32_BIT_CONVERSION = YES;
				GCC_WARN_ABOUT_RETURN_TYPE = YES_ERROR;
				GCC_WARN_UNDECLARED_SELECTOR = YES;
				GCC_WARN_UNINITIALIZED_AUTOS = YES_AGGRESSIVE;
				GCC_WARN_UNUSED_FUNCTION = YES;
				GCC_WARN_UNUSED_VARIABLE = YES;
				IPHONEOS_DEPLOYMENT_TARGET = 8.4;
				MTL_ENABLE_DEBUG_INFO = NO;
				SDKROOT = iphoneos;
				VALIDATE_PRODUCT = YES;
			};
			name = Release;
		};
		14CEDB1E1BCB3B3F00F34400 /* Debug */ = {
			isa = XCBuildConfiguration;
			buildSettings = {
				ASSETCATALOG_COMPILER_APPICON_NAME = AppIcon;
				INFOPLIST_FILE = zackcal/Info.plist;
				LD_RUNPATH_SEARCH_PATHS = "$(inherited) @executable_path/Frameworks";
				PRODUCT_NAME = "$(TARGET_NAME)";
			};
			name = Debug;
		};
		14CEDB1F1BCB3B3F00F34400 /* Release */ = {
			isa = XCBuildConfiguration;
			buildSettings = {
				ASSETCATALOG_COMPILER_APPICON_NAME = AppIcon;
				INFOPLIST_FILE = zackcal/Info.plist;
				LD_RUNPATH_SEARCH_PATHS = "$(inherited) @executable_path/Frameworks";
				PRODUCT_NAME = "$(TARGET_NAME)";
			};
			name = Release;
		};
		14CEDB211BCB3B3F00F34400 /* Debug */ = {
			isa = XCBuildConfiguration;
			buildSettings = {
				BUNDLE_LOADER = "$(TEST_HOST)";
				FRAMEWORK_SEARCH_PATHS = (
					"$(SDKROOT)/Developer/Library/Frameworks",
					"$(inherited)",
				);
				GCC_PREPROCESSOR_DEFINITIONS = (
					"DEBUG=1",
					"$(inherited)",
				);
				INFOPLIST_FILE = zackcalTests/Info.plist;
				LD_RUNPATH_SEARCH_PATHS = "$(inherited) @executable_path/Frameworks @loader_path/Frameworks";
				PRODUCT_NAME = "$(TARGET_NAME)";
				TEST_HOST = "$(BUILT_PRODUCTS_DIR)/zackcal.app/zackcal";
			};
			name = Debug;
		};
		14CEDB221BCB3B3F00F34400 /* Release */ = {
			isa = XCBuildConfiguration;
			buildSettings = {
				BUNDLE_LOADER = "$(TEST_HOST)";
				FRAMEWORK_SEARCH_PATHS = (
					"$(SDKROOT)/Developer/Library/Frameworks",
					"$(inherited)",
				);
				INFOPLIST_FILE = zackcalTests/Info.plist;
				LD_RUNPATH_SEARCH_PATHS = "$(inherited) @executable_path/Frameworks @loader_path/Frameworks";
				PRODUCT_NAME = "$(TARGET_NAME)";
				TEST_HOST = "$(BUILT_PRODUCTS_DIR)/zackcal.app/zackcal";
			};
			name = Release;
		};
/* End XCBuildConfiguration section */

/* Begin XCConfigurationList section */
		14CEDAF91BCB3B3F00F34400 /* Build configuration list for PBXProject "zackcal" */ = {
			isa = XCConfigurationList;
			buildConfigurations = (
				14CEDB1B1BCB3B3F00F34400 /* Debug */,
				14CEDB1C1BCB3B3F00F34400 /* Release */,
			);
			defaultConfigurationIsVisible = 0;
			defaultConfigurationName = Release;
		};
		14CEDB1D1BCB3B3F00F34400 /* Build configuration list for PBXNativeTarget "zackcal" */ = {
			isa = XCConfigurationList;
			buildConfigurations = (
				14CEDB1E1BCB3B3F00F34400 /* Debug */,
				14CEDB1F1BCB3B3F00F34400 /* Release */,
			);
			defaultConfigurationIsVisible = 0;
			defaultConfigurationName = Release;
		};
		14CEDB201BCB3B3F00F34400 /* Build configuration list for PBXNativeTarget "zackcalTests" */ = {
			isa = XCConfigurationList;
			buildConfigurations = (
				14CEDB211BCB3B3F00F34400 /* Debug */,
				14CEDB221BCB3B3F00F34400 /* Release */,
			);
			defaultConfigurationIsVisible = 0;
			defaultConfigurationName = Release;
		};
/* End XCConfigurationList section */
	};
	rootObject = 14CEDAF61BCB3B3F00F34400 /* Project object */;
}
